
Microsoft Visual Studio Solution File, Format Version 12.00
# Visual Studio 14
VisualStudioVersion = 14.0.25420.1
MinimumVisualStudioVersion = 10.0.40219.1
Project("{FAE04EC0-301F-11D3-BF4B-00C04F79EFBC}") = "AisProjectASP", "AisProjectASP\AisProjectASP.csproj", "{0A6615A6-7CC4-4D08-A9FF-7548977FC5A9}"
EndProject
Project("{FAE04EC0-301F-11D3-BF4B-00C04F79EFBC}") = "AisProjectASP.Tests", "AisProjectASP.Tests\AisProjectASP.Tests.csproj", "{D5870E38-8BF2-488F-B258-91E80DE198A8}"
EndProject
Global
	GlobalSection(SolutionConfigurationPlatforms) = preSolution
		Debug|Any CPU = Debug|Any CPU
		Release|Any CPU = Release|Any CPU
	EndGlobalSection
	GlobalSection(ProjectConfigurationPlatforms) = postSolution
		{0A6615A6-7CC4-4D08-A9FF-7548977FC5A9}.Debug|Any CPU.ActiveCfg = Debug|Any CPU
		{0A6615A6-7CC4-4D08-A9FF-7548977FC5A9}.Debug|Any CPU.Build.0 = Debug|Any CPU
		{0A6615A6-7CC4-4D08-A9FF-7548977FC5A9}.Release|Any CPU.ActiveCfg = Release|Any CPU
		{0A6615A6-7CC4-4D08-A9FF-7548977FC5A9}.Release|Any CPU.Build.0 = Release|Any CPU
		{D5870E38-8BF2-488F-B258-91E80DE198A8}.Debug|Any CPU.ActiveCfg = Debug|Any CPU
		{D5870E38-8BF2-488F-B258-91E80DE198A8}.Debug|Any CPU.Build.0 = Debug|Any CPU
		{D5870E38-8BF2-488F-B258-91E80DE198A8}.Release|Any CPU.ActiveCfg = Release|Any CPU
		{D5870E38-8BF2-488F-B258-91E80DE198A8}.Release|Any CPU.Build.0 = Release|Any CPU
	EndGlobalSection
	GlobalSection(SolutionProperties) = preSolution
		HideSolutionNode = FALSE
	EndGlobalSection
EndGlobal
